
Microsoft Visual Studio Solution File, Format Version 12.00
# Visual Studio 15
VisualStudioVersion = 15.0.28010.2016
MinimumVisualStudioVersion = 10.0.40219.1
Project("{FAE04EC0-301F-11D3-BF4B-00C04F79EFBC}") = "Mbote", "Mbote\Mbote.csproj", "{F98A5B36-F111-4A45-BB53-A100E3A38085}"
EndProject
Global
	GlobalSection(SolutionConfigurationPlatforms) = preSolution
		Debug|Any CPU = Debug|Any CPU
		Release|Any CPU = Release|Any CPU
	EndGlobalSection
	GlobalSection(ProjectConfigurationPlatforms) = postSolution
		{F98A5B36-F111-4A45-BB53-A100E3A38085}.Debug|Any CPU.ActiveCfg = Debug|Any CPU
		{F98A5B36-F111-4A45-BB53-A100E3A38085}.Debug|Any CPU.Build.0 = Debug|Any CPU
		{F98A5B36-F111-4A45-BB53-A100E3A38085}.Release|Any CPU.ActiveCfg = Release|Any CPU
		{F98A5B36-F111-4A45-BB53-A100E3A38085}.Release|Any CPU.Build.0 = Release|Any CPU
	EndGlobalSection
	GlobalSection(SolutionProperties) = preSolution
		HideSolutionNode = FALSE
	EndGlobalSection
	GlobalSection(ExtensibilityGlobals) = postSolution
		SolutionGuid = {C7E95F99-3286-4072-A688-45B78EAA6084}
	EndGlobalSection
EndGlobal
